
Microsoft Visual Studio Solution File, Format Version 12.00
# Visual Studio Version 17
VisualStudioVersion = 17.0.31903.59
MinimumVisualStudioVersion = 10.0.40219.1
Project("{2150E333-8FDC-42A3-9474-1A3956D46DE8}") = "src", "src", "{61058ED9-8C92-4654-8CFF-958484ED291F}"
EndProject
Project("{FAE04EC0-301F-11D3-BF4B-00C04F79EFBC}") = "Dzl.Core", "src\Dzl.Core\Dzl.Core.csproj", "{4F6C0EED-CC5A-4C46-A3A2-9587E597338E}"
EndProject
Project("{2150E333-8FDC-42A3-9474-1A3956D46DE8}") = "tests", "tests", "{4ACA6B80-CBA0-482E-9A5D-204C6767CC55}"
EndProject
Project("{FAE04EC0-301F-11D3-BF4B-00C04F79EFBC}") = "Dzl.Core.Tests", "tests\Dzl.Core.Tests\Dzl.Core.Tests.csproj", "{BB8D2DB7-1591-4E0B-9A6C-E7F9C806D43A}"
EndProject
Project("{FAE04EC0-301F-11D3-BF4B-00C04F79EFBC}") = "Dzl.Cli", "src\Dzl.Cli\Dzl.Cli.csproj", "{F1019F0F-7454-4027-AD7D-8C3E5F16FAC0}"
EndProject
Project("{FAE04EC0-301F-11D3-BF4B-00C04F79EFBC}") = "Dzl.Mcp", "src\Dzl.Mcp\Dzl.Mcp.csproj", "{28D270F0-8B2F-4095-9937-F7AADE9C8F5D}"
EndProject
Project("{FAE04EC0-301F-11D3-BF4B-00C04F79EFBC}") = "Dzl.Tray", "src\Dzl.Tray\Dzl.Tray.csproj", "{F705D1B5-6E0A-4CA1-9748-A11FF64B455B}"
EndProject
Project("{FAE04EC0-301F-11D3-BF4B-00C04F79EFBC}") = "Dzl.Tray.Tests", "tests\Dzl.Tray.Tests\Dzl.Tray.Tests.csproj", "{7E3AF985-84FE-4483-94A4-EC4198541425}"
EndProject
Global
	GlobalSection(SolutionConfigurationPlatforms) = preSolution
		Debug|Any CPU = Debug|Any CPU
		Release|Any CPU = Release|Any CPU
	EndGlobalSection
	GlobalSection(SolutionProperties) = preSolution
		HideSolutionNode = FALSE
	EndGlobalSection
	GlobalSection(ProjectConfigurationPlatforms) = postSolution
		{4F6C0EED-CC5A-4C46-A3A2-9587E597338E}.Debug|Any CPU.ActiveCfg = Debug|Any CPU
		{4F6C0EED-CC5A-4C46-A3A2-9587E597338E}.Debug|Any CPU.Build.0 = Debug|Any CPU
		{4F6C0EED-CC5A-4C46-A3A2-9587E597338E}.Release|Any CPU.ActiveCfg = Release|Any CPU
		{4F6C0EED-CC5A-4C46-A3A2-9587E597338E}.Release|Any CPU.Build.0 = Release|Any CPU
		{BB8D2DB7-1591-4E0B-9A6C-E7F9C806D43A}.Debug|Any CPU.ActiveCfg = Debug|Any CPU
		{BB8D2DB7-1591-4E0B-9A6C-E7F9C806D43A}.Debug|Any CPU.Build.0 = Debug|Any CPU
		{BB8D2DB7-1591-4E0B-9A6C-E7F9C806D43A}.Release|Any CPU.ActiveCfg = Release|Any CPU
		{BB8D2DB7-1591-4E0B-9A6C-E7F9C806D43A}.Release|Any CPU.Build.0 = Release|Any CPU
		{F1019F0F-7454-4027-AD7D-8C3E5F16FAC0}.Debug|Any CPU.ActiveCfg = Debug|Any CPU
		{F1019F0F-7454-4027-AD7D-8C3E5F16FAC0}.Debug|Any CPU.Build.0 = Debug|Any CPU
		{F1019F0F-7454-4027-AD7D-8C3E5F16FAC0}.Release|Any CPU.ActiveCfg = Release|Any CPU
		{F1019F0F-7454-4027-AD7D-8C3E5F16FAC0}.Release|Any CPU.Build.0 = Release|Any CPU
		{28D270F0-8B2F-4095-9937-F7AADE9C8F5D}.Debug|Any CPU.ActiveCfg = Debug|Any CPU
		{28D270F0-8B2F-4095-9937-F7AADE9C8F5D}.Debug|Any CPU.Build.0 = Debug|Any CPU
		{28D270F0-8B2F-4095-9937-F7AADE9C8F5D}.Release|Any CPU.ActiveCfg = Release|Any CPU
		{28D270F0-8B2F-4095-9937-F7AADE9C8F5D}.Release|Any CPU.Build.0 = Release|Any CPU
		{F705D1B5-6E0A-4CA1-9748-A11FF64B455B}.Debug|Any CPU.ActiveCfg = Debug|Any CPU
		{F705D1B5-6E0A-4CA1-9748-A11FF64B455B}.Debug|Any CPU.Build.0 = Debug|Any CPU
		{F705D1B5-6E0A-4CA1-9748-A11FF64B455B}.Release|Any CPU.ActiveCfg = Release|Any CPU
		{F705D1B5-6E0A-4CA1-9748-A11FF64B455B}.Release|Any CPU.Build.0 = Release|Any CPU
		{7E3AF985-84FE-4483-94A4-EC4198541425}.Debug|Any CPU.ActiveCfg = Debug|Any CPU
		{7E3AF985-84FE-4483-94A4-EC4198541425}.Debug|Any CPU.Build.0 = Debug|Any CPU
		{7E3AF985-84FE-4483-94A4-EC4198541425}.Release|Any CPU.ActiveCfg = Release|Any CPU
		{7E3AF985-84FE-4483-94A4-EC4198541425}.Release|Any CPU.Build.0 = Release|Any CPU
	EndGlobalSection
	GlobalSection(NestedProjects) = preSolution
		{4F6C0EED-CC5A-4C46-A3A2-9587E597338E} = {61058ED9-8C92-4654-8CFF-958484ED291F}
		{BB8D2DB7-1591-4E0B-9A6C-E7F9C806D43A} = {4ACA6B80-CBA0-482E-9A5D-204C6767CC55}
		{F1019F0F-7454-4027-AD7D-8C3E5F16FAC0} = {61058ED9-8C92-4654-8CFF-958484ED291F}
		{28D270F0-8B2F-4095-9937-F7AADE9C8F5D} = {61058ED9-8C92-4654-8CFF-958484ED291F}
		{F705D1B5-6E0A-4CA1-9748-A11FF64B455B} = {61058ED9-8C92-4654-8CFF-958484ED291F}
		{7E3AF985-84FE-4483-94A4-EC4198541425} = {4ACA6B80-CBA0-482E-9A5D-204C6767CC55}
	EndGlobalSection
EndGlobal
